
Microsoft Visual Studio Solution File, Format Version 12.00
# Visual Studio Version 16
VisualStudioVersion = 16.0.30413.136
MinimumVisualStudioVersion = 10.0.40219.1
Project("{FAE04EC0-301F-11D3-BF4B-00C04F79EFBC}") = "QuanLyCuaHang", "QuanLyCuaHang.csproj", "{D7FB1554-FF18-4139-A285-CD470C62E3F2}"
EndProject
Project("{FAE04EC0-301F-11D3-BF4B-00C04F79EFBC}") = "Service", "..\Service\Service.csproj", "{081D9734-A5A2-4CCF-B725-A4BF075D4B1B}"
EndProject
Global
	GlobalSection(SolutionConfigurationPlatforms) = preSolution
		Debug|Any CPU = Debug|Any CPU
		Release|Any CPU = Release|Any CPU
	EndGlobalSection
	GlobalSection(ProjectConfigurationPlatforms) = postSolution
		{D7FB1554-FF18-4139-A285-CD470C62E3F2}.Debug|Any CPU.ActiveCfg = Debug|Any CPU
		{D7FB1554-FF18-4139-A285-CD470C62E3F2}.Debug|Any CPU.Build.0 = Debug|Any CPU
		{D7FB1554-FF18-4139-A285-CD470C62E3F2}.Release|Any CPU.ActiveCfg = Release|Any CPU
		{D7FB1554-FF18-4139-A285-CD470C62E3F2}.Release|Any CPU.Build.0 = Release|Any CPU
		{081D9734-A5A2-4CCF-B725-A4BF075D4B1B}.Debug|Any CPU.ActiveCfg = Debug|Any CPU
		{081D9734-A5A2-4CCF-B725-A4BF075D4B1B}.Debug|Any CPU.Build.0 = Debug|Any CPU
		{081D9734-A5A2-4CCF-B725-A4BF075D4B1B}.Release|Any CPU.ActiveCfg = Release|Any CPU
		{081D9734-A5A2-4CCF-B725-A4BF075D4B1B}.Release|Any CPU.Build.0 = Release|Any CPU
	EndGlobalSection
	GlobalSection(SolutionProperties) = preSolution
		HideSolutionNode = FALSE
	EndGlobalSection
	GlobalSection(ExtensibilityGlobals) = postSolution
		SolutionGuid = {C7208BB2-A7A6-41A9-9DD6-37A283DA2370}
	EndGlobalSection
EndGlobal
